
Microsoft Visual Studio Solution File, Format Version 12.00
# Visual Studio Version 16
VisualStudioVersion = 16.0.30309.148
MinimumVisualStudioVersion = 10.0.40219.1
Project("{FAE04EC0-301F-11D3-BF4B-00C04F79EFBC}") = "GitSample", "GitSample.csproj", "{1E776F0F-854E-49BC-84E0-87EAB562274F}"
EndProject
Global
	GlobalSection(SolutionConfigurationPlatforms) = preSolution
		Debug|Any CPU = Debug|Any CPU
		Release|Any CPU = Release|Any CPU
	EndGlobalSection
	GlobalSection(ProjectConfigurationPlatforms) = postSolution
		{1E776F0F-854E-49BC-84E0-87EAB562274F}.Debug|Any CPU.ActiveCfg = Debug|Any CPU
		{1E776F0F-854E-49BC-84E0-87EAB562274F}.Debug|Any CPU.Build.0 = Debug|Any CPU
		{1E776F0F-854E-49BC-84E0-87EAB562274F}.Release|Any CPU.ActiveCfg = Release|Any CPU
		{1E776F0F-854E-49BC-84E0-87EAB562274F}.Release|Any CPU.Build.0 = Release|Any CPU
	EndGlobalSection
	GlobalSection(SolutionProperties) = preSolution
		HideSolutionNode = FALSE
	EndGlobalSection
	GlobalSection(ExtensibilityGlobals) = postSolution
		SolutionGuid = {D17E71E3-E5D2-4626-B7FB-6F5CBE07896E}
	EndGlobalSection
EndGlobal
